github.com/HeywoodFloyd918/g1/liba v0.0.0-20240512074042-99ad7c8b78bd h1:Qko5KzNtvsbGeQf/PpH/SaqWoEpRvoffAJU+R+FeySY=
github.com/HeywoodFloyd918/g1/liba v0.0.0-20240512074042-99ad7c8b78bd/go.mod h1:LeeDStVnDUdvvLhJALu+dUV/8OQofYv1GtDDNUhVJ1g=
github.com/go-chi/chi/v5 v5.0.12 h1:9euLV5sTrTNTRUU9POmDUvfxyj6LAABLUcEWO+JJb4s=
github.com/go-chi/chi/v5 v5.0.12/go.mod h1:DslCQbL2OYiznFReuXYUmQ2hGd1aDpCnlMNITLSKoi8=
